
Microsoft Visual Studio Solution File, Format Version 12.00
# Visual Studio 15
VisualStudioVersion = 15.0.27130.2027
MinimumVisualStudioVersion = 10.0.40219.1
Project("{FAE04EC0-301F-11D3-BF4B-00C04F79EFBC}") = "CRMTFSTM", "CRMTFSTM\CRMTFSTM.csproj", "{6E057435-24EA-4A7F-938C-6542A3930223}"
EndProject
Global
	GlobalSection(SolutionConfigurationPlatforms) = preSolution
		Debug|Any CPU = Debug|Any CPU
		Release|Any CPU = Release|Any CPU
	EndGlobalSection
	GlobalSection(ProjectConfigurationPlatforms) = postSolution
		{6E057435-24EA-4A7F-938C-6542A3930223}.Debug|Any CPU.ActiveCfg = Debug|Any CPU
		{6E057435-24EA-4A7F-938C-6542A3930223}.Debug|Any CPU.Build.0 = Debug|Any CPU
		{6E057435-24EA-4A7F-938C-6542A3930223}.Release|Any CPU.ActiveCfg = Release|Any CPU
		{6E057435-24EA-4A7F-938C-6542A3930223}.Release|Any CPU.Build.0 = Release|Any CPU
	EndGlobalSection
	GlobalSection(SolutionProperties) = preSolution
		HideSolutionNode = FALSE
	EndGlobalSection
	GlobalSection(ExtensibilityGlobals) = postSolution
		SolutionGuid = {65C67A2D-E7BB-4EFD-A922-A1760A5AD115}
	EndGlobalSection
EndGlobal
